
Microsoft Visual Studio Solution File, Format Version 12.00
# Visual Studio Version 17
VisualStudioVersion = 17.0.31903.59
MinimumVisualStudioVersion = 10.0.40219.1
Project("{FAE04EC0-301F-11D3-BF4B-00C04F79EFBC}") = "api", "api\api.csproj", "{23D59051-B41C-4BE3-8F16-32E5FC1CED90}"
EndProject
Project("{FAE04EC0-301F-11D3-BF4B-00C04F79EFBC}") = "mailService", "mailService\mailService.csproj", "{6F03BEBF-2749-499D-AD1B-2334FBCD1EB5}"
EndProject
Global
	GlobalSection(SolutionConfigurationPlatforms) = preSolution
		Debug|Any CPU = Debug|Any CPU
		Release|Any CPU = Release|Any CPU
	EndGlobalSection
	GlobalSection(SolutionProperties) = preSolution
		HideSolutionNode = FALSE
	EndGlobalSection
	GlobalSection(ProjectConfigurationPlatforms) = postSolution
		{23D59051-B41C-4BE3-8F16-32E5FC1CED90}.Debug|Any CPU.ActiveCfg = Debug|Any CPU
		{23D59051-B41C-4BE3-8F16-32E5FC1CED90}.Debug|Any CPU.Build.0 = Debug|Any CPU
		{23D59051-B41C-4BE3-8F16-32E5FC1CED90}.Release|Any CPU.ActiveCfg = Release|Any CPU
		{23D59051-B41C-4BE3-8F16-32E5FC1CED90}.Release|Any CPU.Build.0 = Release|Any CPU
		{6F03BEBF-2749-499D-AD1B-2334FBCD1EB5}.Debug|Any CPU.ActiveCfg = Debug|Any CPU
		{6F03BEBF-2749-499D-AD1B-2334FBCD1EB5}.Debug|Any CPU.Build.0 = Debug|Any CPU
		{6F03BEBF-2749-499D-AD1B-2334FBCD1EB5}.Release|Any CPU.ActiveCfg = Release|Any CPU
		{6F03BEBF-2749-499D-AD1B-2334FBCD1EB5}.Release|Any CPU.Build.0 = Release|Any CPU
	EndGlobalSection
EndGlobal
